
Microsoft Visual Studio Solution File, Format Version 12.00
Project("{FAE04EC0-301F-11D3-BF4B-00C04F79EFBC}") = "AlgorythmFinal", "AlgorythmFinal\AlgorythmFinal.csproj", "{B829BF09-3835-42F0-B992-5A7E3A8C512C}"
EndProject
Project("{FAE04EC0-301F-11D3-BF4B-00C04F79EFBC}") = "PowAlgorythm", "PowAlgorythm\PowAlgorythm.csproj", "{BED722EE-B69C-4478-BFDB-C3C8263C5B4B}"
EndProject
Project("{FAE04EC0-301F-11D3-BF4B-00C04F79EFBC}") = "MatrixTest", "MatrixTest\MatrixTest.csproj", "{9ED13196-C314-41E9-93E4-15A45D1EE5CE}"
EndProject
Global
	GlobalSection(SolutionConfigurationPlatforms) = preSolution
		Debug|Any CPU = Debug|Any CPU
		Release|Any CPU = Release|Any CPU
	EndGlobalSection
	GlobalSection(ProjectConfigurationPlatforms) = postSolution
		{B829BF09-3835-42F0-B992-5A7E3A8C512C}.Debug|Any CPU.ActiveCfg = Debug|Any CPU
		{B829BF09-3835-42F0-B992-5A7E3A8C512C}.Debug|Any CPU.Build.0 = Debug|Any CPU
		{B829BF09-3835-42F0-B992-5A7E3A8C512C}.Release|Any CPU.ActiveCfg = Release|Any CPU
		{B829BF09-3835-42F0-B992-5A7E3A8C512C}.Release|Any CPU.Build.0 = Release|Any CPU
		{BED722EE-B69C-4478-BFDB-C3C8263C5B4B}.Debug|Any CPU.ActiveCfg = Debug|Any CPU
		{BED722EE-B69C-4478-BFDB-C3C8263C5B4B}.Debug|Any CPU.Build.0 = Debug|Any CPU
		{BED722EE-B69C-4478-BFDB-C3C8263C5B4B}.Release|Any CPU.ActiveCfg = Release|Any CPU
		{BED722EE-B69C-4478-BFDB-C3C8263C5B4B}.Release|Any CPU.Build.0 = Release|Any CPU
		{9ED13196-C314-41E9-93E4-15A45D1EE5CE}.Debug|Any CPU.ActiveCfg = Debug|Any CPU
		{9ED13196-C314-41E9-93E4-15A45D1EE5CE}.Debug|Any CPU.Build.0 = Debug|Any CPU
		{9ED13196-C314-41E9-93E4-15A45D1EE5CE}.Release|Any CPU.ActiveCfg = Release|Any CPU
		{9ED13196-C314-41E9-93E4-15A45D1EE5CE}.Release|Any CPU.Build.0 = Release|Any CPU
	EndGlobalSection
EndGlobal
